// !$*UTF8*$!
{
	archiveVersion = 1;
	classes = {
	};
	objectVersion = 55;
	objects = {

/* Begin PBXBuildFile section */
		FCB9915227E22C29004ACA9A /* AppDelegate.swift in Sources */ = {isa = PBXBuildFile; fileRef = FCB9915127E22C29004ACA9A /* AppDelegate.swift */; };
		FCB9915B27E22C30004ACA9A /* Assets.xcassets in Resources */ = {isa = PBXBuildFile; fileRef = FCB9915A27E22C30004ACA9A /* Assets.xcassets */; };
		FCB9915E27E22C30004ACA9A /* LaunchScreen.storyboard in Resources */ = {isa = PBXBuildFile; fileRef = FCB9915C27E22C30004ACA9A /* LaunchScreen.storyboard */; };
		FCB9916A27E22E26004ACA9A /* MainViewController.swift in Sources */ = {isa = PBXBuildFile; fileRef = FCB9916927E22E26004ACA9A /* MainViewController.swift */; };
		FCB9916C27E22E41004ACA9A /* MainViewModel.swift in Sources */ = {isa = PBXBuildFile; fileRef = FCB9916B27E22E41004ACA9A /* MainViewModel.swift */; };
		FCB9916E27E22E5D004ACA9A /* CreateViewController.swift in Sources */ = {isa = PBXBuildFile; fileRef = FCB9916D27E22E5D004ACA9A /* CreateViewController.swift */; };
		FCB9917027E22E74004ACA9A /* CreateViewModel.swift in Sources */ = {isa = PBXBuildFile; fileRef = FCB9916F27E22E74004ACA9A /* CreateViewModel.swift */; };
		FCB9917227E22E8B004ACA9A /* EditViewController.swift in Sources */ = {isa = PBXBuildFile; fileRef = FCB9917127E22E8B004ACA9A /* EditViewController.swift */; };
		FCB9917427E22EA4004ACA9A /* EditViewModel.swift in Sources */ = {isa = PBXBuildFile; fileRef = FCB9917327E22EA4004ACA9A /* EditViewModel.swift */; };
		FCB9917727E22EC8004ACA9A /* TaskView.swift in Sources */ = {isa = PBXBuildFile; fileRef = FCB9917627E22EC8004ACA9A /* TaskView.swift */; };
		FCB9917927E22F17004ACA9A /* MainTableViewCell.swift in Sources */ = {isa = PBXBuildFile; fileRef = FCB9917827E22F17004ACA9A /* MainTableViewCell.swift */; };
		FCB9917C27E22F6C004ACA9A /* TaskManager.swift in Sources */ = {isa = PBXBuildFile; fileRef = FCB9917B27E22F6C004ACA9A /* TaskManager.swift */; };
/* End PBXBuildFile section */

/* Begin PBXFileReference section */
		FCB9914E27E22C29004ACA9A /* Shopping-List.app */ = {isa = PBXFileReference; explicitFileType = wrapper.application; includeInIndex = 0; path = "Shopping-List.app"; sourceTree = BUILT_PRODUCTS_DIR; };
		FCB9915127E22C29004ACA9A /* AppDelegate.swift */ = {isa = PBXFileReference; lastKnownFileType = sourcecode.swift; path = AppDelegate.swift; sourceTree = "<group>"; };
		FCB9915A27E22C30004ACA9A /* Assets.xcassets */ = {isa = PBXFileReference; lastKnownFileType = folder.assetcatalog; path = Assets.xcassets; sourceTree = "<group>"; };
		FCB9915D27E22C30004ACA9A /* Base */ = {isa = PBXFileReference; lastKnownFileType = file.storyboard; name = Base; path = Base.lproj/LaunchScreen.storyboard; sourceTree = "<group>"; };
		FCB9915F27E22C30004ACA9A /* Info.plist */ = {isa = PBXFileReference; lastKnownFileType = text.plist.xml; path = Info.plist; sourceTree = "<group>"; };
		FCB9916927E22E26004ACA9A /* MainViewController.swift */ = {isa = PBXFileReference; lastKnownFileType = sourcecode.swift; path = MainViewController.swift; sourceTree = "<group>"; };
		FCB9916B27E22E41004ACA9A /* MainViewModel.swift */ = {isa = PBXFileReference; lastKnownFileType = sourcecode.swift; path = MainViewModel.swift; sourceTree = "<group>"; };
		FCB9916D27E22E5D004ACA9A /* CreateViewController.swift */ = {isa = PBXFileReference; lastKnownFileType = sourcecode.swift; path = CreateViewController.swift; sourceTree = "<group>"; };
		FCB9916F27E22E74004ACA9A /* CreateViewModel.swift */ = {isa = PBXFileReference; lastKnownFileType = sourcecode.swift; path = CreateViewModel.swift; sourceTree = "<group>"; };
		FCB9917127E22E8B004ACA9A /* EditViewController.swift */ = {isa = PBXFileReference; lastKnownFileType = sourcecode.swift; path = EditViewController.swift; sourceTree = "<group>"; };
		FCB9917327E22EA4004ACA9A /* EditViewModel.swift */ = {isa = PBXFileReference; lastKnownFileType = sourcecode.swift; path = EditViewModel.swift; sourceTree = "<group>"; };
		FCB9917627E22EC8004ACA9A /* TaskView.swift */ = {isa = PBXFileReference; lastKnownFileType = sourcecode.swift; path = TaskView.swift; sourceTree = "<group>"; };
		FCB9917827E22F17004ACA9A /* MainTableViewCell.swift */ = {isa = PBXFileReference; lastKnownFileType = sourcecode.swift; path = MainTableViewCell.swift; sourceTree = "<group>"; };
		FCB9917B27E22F6C004ACA9A /* TaskManager.swift */ = {isa = PBXFileReference; lastKnownFileType = sourcecode.swift; path = TaskManager.swift; sourceTree = "<group>"; };
/* End PBXFileReference section */

/* Begin PBXFrameworksBuildPhase section */
		FCB9914B27E22C29004ACA9A /* Frameworks */ = {
			isa = PBXFrameworksBuildPhase;
			buildActionMask = 2147483647;
			files = (
			);
			runOnlyForDeploymentPostprocessing = 0;
		};
/* End PBXFrameworksBuildPhase section */

/* Begin PBXGroup section */
		FCB9914527E22C29004ACA9A = {
			isa = PBXGroup;
			children = (
				FCB9915027E22C29004ACA9A /* Shopping-List */,
				FCB9914F27E22C29004ACA9A /* Products */,
			);
			sourceTree = "<group>";
		};
		FCB9914F27E22C29004ACA9A /* Products */ = {
			isa = PBXGroup;
			children = (
				FCB9914E27E22C29004ACA9A /* Shopping-List.app */,
			);
			name = Products;
			sourceTree = "<group>";
		};
		FCB9915027E22C29004ACA9A /* Shopping-List */ = {
			isa = PBXGroup;
			children = (
				FCB9915127E22C29004ACA9A /* AppDelegate.swift */,
				FCB9917A27E22F4C004ACA9A /* Managers */,
				FCB9917527E22EB5004ACA9A /* Views */,
				FCB9916527E22DD2004ACA9A /* Controllers */,
				FCB9915A27E22C30004ACA9A /* Assets.xcassets */,
				FCB9915C27E22C30004ACA9A /* LaunchScreen.storyboard */,
				FCB9915F27E22C30004ACA9A /* Info.plist */,
			);
			path = "Shopping-List";
			sourceTree = "<group>";
		};
		FCB9916527E22DD2004ACA9A /* Controllers */ = {
			isa = PBXGroup;
			children = (
				FCB9916827E22DF6004ACA9A /* Main */,
				FCB9916627E22DDB004ACA9A /* Create */,
				FCB9916727E22DE9004ACA9A /* Edit */,
			);
			path = Controllers;
			sourceTree = "<group>";
		};
		FCB9916627E22DDB004ACA9A /* Create */ = {
			isa = PBXGroup;
			children = (
				FCB9916D27E22E5D004ACA9A /* CreateViewController.swift */,
				FCB9916F27E22E74004ACA9A /* CreateViewModel.swift */,
			);
			path = Create;
			sourceTree = "<group>";
		};
		FCB9916727E22DE9004ACA9A /* Edit */ = {
			isa = PBXGroup;
			children = (
				FCB9917127E22E8B004ACA9A /* EditViewController.swift */,
				FCB9917327E22EA4004ACA9A /* EditViewModel.swift */,
			);
			path = Edit;
			sourceTree = "<group>";
		};
		FCB9916827E22DF6004ACA9A /* Main */ = {
			isa = PBXGroup;
			children = (
				FCB9916927E22E26004ACA9A /* MainViewController.swift */,
				FCB9916B27E22E41004ACA9A /* MainViewModel.swift */,
			);
			path = Main;
			sourceTree = "<group>";
		};
		FCB9917527E22EB5004ACA9A /* Views */ = {
			isa = PBXGroup;
			children = (
				FCB9917627E22EC8004ACA9A /* TaskView.swift */,
				FCB9917827E22F17004ACA9A /* MainTableViewCell.swift */,
			);
			path = Views;
			sourceTree = "<group>";
		};
		FCB9917A27E22F4C004ACA9A /* Managers */ = {
			isa = PBXGroup;
			children = (
				FCB9917B27E22F6C004ACA9A /* TaskManager.swift */,
			);
			path = Managers;
			sourceTree = "<group>";
		};
/* End PBXGroup section */

/* Begin PBXNativeTarget section */
		FCB9914D27E22C29004ACA9A /* Shopping-List */ = {
			isa = PBXNativeTarget;
			buildConfigurationList = FCB9916227E22C30004ACA9A /* Build configuration list for PBXNativeTarget "Shopping-List" */;
			buildPhases = (
				FCB9914A27E22C29004ACA9A /* Sources */,
				FCB9914B27E22C29004ACA9A /* Frameworks */,
				FCB9914C27E22C29004ACA9A /* Resources */,
			);
			buildRules = (
			);
			dependencies = (
			);
			name = "Shopping-List";
			productName = "Shopping-List";
			productReference = FCB9914E27E22C29004ACA9A /* Shopping-List.app */;
			productType = "com.apple.product-type.application";
		};
/* End PBXNativeTarget section */

/* Begin PBXProject section */
		FCB9914627E22C29004ACA9A /* Project object */ = {
			isa = PBXProject;
			attributes = {
				BuildIndependentTargetsInParallel = 1;
				LastSwiftUpdateCheck = 1330;
				LastUpgradeCheck = 1330;
				TargetAttributes = {
					FCB9914D27E22C29004ACA9A = {
						CreatedOnToolsVersion = 13.3;
					};
				};
			};
			buildConfigurationList = FCB9914927E22C29004ACA9A /* Build configuration list for PBXProject "Shopping-List" */;
			compatibilityVersion = "Xcode 13.0";
			developmentRegion = en;
			hasScannedForEncodings = 0;
			knownRegions = (
				en,
				Base,
			);
			mainGroup = FCB9914527E22C29004ACA9A;
			productRefGroup = FCB9914F27E22C29004ACA9A /* Products */;
			projectDirPath = "";
			projectRoot = "";
			targets = (
				FCB9914D27E22C29004ACA9A /* Shopping-List */,
			);
		};
/* End PBXProject section */

/* Begin PBXResourcesBuildPhase section */
		FCB9914C27E22C29004ACA9A /* Resources */ = {
			isa = PBXResourcesBuildPhase;
			buildActionMask = 2147483647;
			files = (
				FCB9915E27E22C30004ACA9A /* LaunchScreen.storyboard in Resources */,
				FCB9915B27E22C30004ACA9A /* Assets.xcassets in Resources */,
			);
			runOnlyForDeploymentPostprocessing = 0;
		};
/* End PBXResourcesBuildPhase section */

/* Begin PBXSourcesBuildPhase section */
		FCB9914A27E22C29004ACA9A /* Sources */ = {
			isa = PBXSourcesBuildPhase;
			buildActionMask = 2147483647;
			files = (
				FCB9917427E22EA4004ACA9A /* EditViewModel.swift in Sources */,
				FCB9917927E22F17004ACA9A /* MainTableViewCell.swift in Sources */,
				FCB9917C27E22F6C004ACA9A /* TaskManager.swift in Sources */,
				FCB9916E27E22E5D004ACA9A /* CreateViewController.swift in Sources */,
				FCB9917027E22E74004ACA9A /* CreateViewModel.swift in Sources */,
				FCB9917227E22E8B004ACA9A /* EditViewController.swift in Sources */,
				FCB9915227E22C29004ACA9A /* AppDelegate.swift in Sources */,
				FCB9916A27E22E26004ACA9A /* MainViewController.swift in Sources */,
				FCB9916C27E22E41004ACA9A /* MainViewModel.swift in Sources */,
				FCB9917727E22EC8004ACA9A /* TaskView.swift in Sources */,
			);
			runOnlyForDeploymentPostprocessing = 0;
		};
/* End PBXSourcesBuildPhase section */

/* Begin PBXVariantGroup section */
		FCB9915C27E22C30004ACA9A /* LaunchScreen.storyboard */ = {
			isa = PBXVariantGroup;
			children = (
				FCB9915D27E22C30004ACA9A /* Base */,
			);
			name = LaunchScreen.storyboard;
			sourceTree = "<group>";
		};
/* End PBXVariantGroup section */

/* Begin XCBuildConfiguration section */
		FCB9916027E22C30004ACA9A /* Debug */ = {
			isa = XCBuildConfiguration;
			buildSettings = {
				ALWAYS_SEARCH_USER_PATHS = NO;
				CLANG_ANALYZER_NONNULL = YES;
				CLANG_ANALYZER_NUMBER_OBJECT_CONVERSION = YES_AGGRESSIVE;
				CLANG_CXX_LANGUAGE_STANDARD = "gnu++17";
				CLANG_ENABLE_MODULES = YES;
				CLANG_ENABLE_OBJC_ARC = YES;
				CLANG_ENABLE_OBJC_WEAK = YES;
				CLANG_WARN_BLOCK_CAPTURE_AUTORELEASING = YES;
				CLANG_WARN_BOOL_CONVERSION = YES;
				CLANG_WARN_COMMA = YES;
				CLANG_WARN_CONSTANT_CONVERSION = YES;
				CLANG_WARN_DEPRECATED_OBJC_IMPLEMENTATIONS = YES;
				CLANG_WARN_DIRECT_OBJC_ISA_USAGE = YES_ERROR;
				CLANG_WARN_DOCUMENTATION_COMMENTS = YES;
				CLANG_WARN_EMPTY_BODY = YES;
				CLANG_WARN_ENUM_CONVERSION = YES;
				CLANG_WARN_INFINITE_RECURSION = YES;
				CLANG_WARN_INT_CONVERSION = YES;
				CLANG_WARN_NON_LITERAL_NULL_CONVERSION = YES;
				CLANG_WARN_OBJC_IMPLICIT_RETAIN_SELF = YES;
				CLANG_WARN_OBJC_LITERAL_CONVERSION = YES;
				CLANG_WARN_OBJC_ROOT_CLASS = YES_ERROR;
				CLANG_WARN_QUOTED_INCLUDE_IN_FRAMEWORK_HEADER = YES;
				CLANG_WARN_RANGE_LOOP_ANALYSIS = YES;
				CLANG_WARN_STRICT_PROTOTYPES = YES;
				CLANG_WARN_SUSPICIOUS_MOVE = YES;
				CLANG_WARN_UNGUARDED_AVAILABILITY = YES_AGGRESSIVE;
				CLANG_WARN_UNREACHABLE_CODE = YES;
				CLANG_WARN__DUPLICATE_METHOD_MATCH = YES;
				COPY_PHASE_STRIP = NO;
				DEBUG_INFORMATION_FORMAT = dwarf;
				ENABLE_STRICT_OBJC_MSGSEND = YES;
				ENABLE_TESTABILITY = YES;
				GCC_C_LANGUAGE_STANDARD = gnu11;
				GCC_DYNAMIC_NO_PIC = NO;
				GCC_NO_COMMON_BLOCKS = YES;
				GCC_OPTIMIZATION_LEVEL = 0;
				GCC_PREPROCESSOR_DEFINITIONS = (
					"DEBUG=1",
					"$(inherited)",
				);
				GCC_WARN_64_TO_32_BIT_CONVERSION = YES;
				GCC_WARN_ABOUT_RETURN_TYPE = YES_ERROR;
				GCC_WARN_UNDECLARED_SELECTOR = YES;
				GCC_WARN_UNINITIALIZED_AUTOS = YES_AGGRESSIVE;
				GCC_WARN_UNUSED_FUNCTION = YES;
				GCC_WARN_UNUSED_VARIABLE = YES;
				IPHONEOS_DEPLOYMENT_TARGET = 15.4;
				MTL_ENABLE_DEBUG_INFO = INCLUDE_SOURCE;
				MTL_FAST_MATH = YES;
				ONLY_ACTIVE_ARCH = YES;
				SDKROOT = iphoneos;
				SWIFT_ACTIVE_COMPILATION_CONDITIONS = DEBUG;
				SWIFT_OPTIMIZATION_LEVEL = "-Onone";
			};
			name = Debug;
		};
		FCB9916127E22C30004ACA9A /* Release */ = {
			isa = XCBuildConfiguration;
			buildSettings = {
				ALWAYS_SEARCH_USER_PATHS = NO;
				CLANG_ANALYZER_NONNULL = YES;
				CLANG_ANALYZER_NUMBER_OBJECT_CONVERSION = YES_AGGRESSIVE;
				CLANG_CXX_LANGUAGE_STANDARD = "gnu++17";
				CLANG_ENABLE_MODULES = YES;
				CLANG_ENABLE_OBJC_ARC = YES;
				CLANG_ENABLE_OBJC_WEAK = YES;
				CLANG_WARN_BLOCK_CAPTURE_AUTORELEASING = YES;
				CLANG_WARN_BOOL_CONVERSION = YES;
				CLANG_WARN_COMMA = YES;
				CLANG_WARN_CONSTANT_CONVERSION = YES;
				CLANG_WARN_DEPRECATED_OBJC_IMPLEMENTATIONS = YES;
				CLANG_WARN_DIRECT_OBJC_ISA_USAGE = YES_ERROR;
				CLANG_WARN_DOCUMENTATION_COMMENTS = YES;
				CLANG_WARN_EMPTY_BODY = YES;
				CLANG_WARN_ENUM_CONVERSION = YES;
				CLANG_WARN_INFINITE_RECURSION = YES;
				CLANG_WARN_INT_CONVERSION = YES;
				CLANG_WARN_NON_LITERAL_NULL_CONVERSION = YES;
				CLANG_WARN_OBJC_IMPLICIT_RETAIN_SELF = YES;
				CLANG_WARN_OBJC_LITERAL_CONVERSION = YES;
				CLANG_WARN_OBJC_ROOT_CLASS = YES_ERROR;
				CLANG_WARN_QUOTED_INCLUDE_IN_FRAMEWORK_HEADER = YES;
				CLANG_WARN_RANGE_LOOP_ANALYSIS = YES;
				CLANG_WARN_STRICT_PROTOTYPES = YES;
				CLANG_WARN_SUSPICIOUS_MOVE = YES;
				CLANG_WARN_UNGUARDED_AVAILABILITY = YES_AGGRESSIVE;
				CLANG_WARN_UNREACHABLE_CODE = YES;
				CLANG_WARN__DUPLICATE_METHOD_MATCH = YES;
				COPY_PHASE_STRIP = NO;
				DEBUG_INFORMATION_FORMAT = "dwarf-with-dsym";
				ENABLE_NS_ASSERTIONS = NO;
				ENABLE_STRICT_OBJC_MSGSEND = YES;
				GCC_C_LANGUAGE_STANDARD = gnu11;
				GCC_NO_COMMON_BLOCKS = YES;
				GCC_WARN_64_TO_32_BIT_CONVERSION = YES;
				GCC_WARN_ABOUT_RETURN_TYPE = YES_ERROR;
				GCC_WARN_UNDECLARED_SELECTOR = YES;
				GCC_WARN_UNINITIALIZED_AUTOS = YES_AGGRESSIVE;
				GCC_WARN_UNUSED_FUNCTION = YES;
				GCC_WARN_UNUSED_VARIABLE = YES;
				IPHONEOS_DEPLOYMENT_TARGET = 15.4;
				MTL_ENABLE_DEBUG_INFO = NO;
				MTL_FAST_MATH = YES;
				SDKROOT = iphoneos;
				SWIFT_COMPILATION_MODE = wholemodule;
				SWIFT_OPTIMIZATION_LEVEL = "-O";
				VALIDATE_PRODUCT = YES;
			};
			name = Release;
		};
		FCB9916327E22C30004ACA9A /* Debug */ = {
			isa = XCBuildConfiguration;
			buildSettings = {
				ASSETCATALOG_COMPILER_APPICON_NAME = AppIcon;
				ASSETCATALOG_COMPILER_GLOBAL_ACCENT_COLOR_NAME = AccentColor;
				CODE_SIGN_STYLE = Automatic;
				CURRENT_PROJECT_VERSION = 1;
				GENERATE_INFOPLIST_FILE = YES;
				INFOPLIST_FILE = "Shopping-List/Info.plist";
				INFOPLIST_KEY_UIApplicationSupportsIndirectInputEvents = YES;
				INFOPLIST_KEY_UILaunchStoryboardName = LaunchScreen;
				INFOPLIST_KEY_UISupportedInterfaceOrientations_iPad = "UIInterfaceOrientationPortrait UIInterfaceOrientationPortraitUpsideDown UIInterfaceOrientationLandscapeLeft UIInterfaceOrientationLandscapeRight";
				INFOPLIST_KEY_UISupportedInterfaceOrientations_iPhone = "UIInterfaceOrientationPortrait UIInterfaceOrientationLandscapeLeft UIInterfaceOrientationLandscapeRight";
				LD_RUNPATH_SEARCH_PATHS = (
					"$(inherited)",
					"@executable_path/Frameworks",
				);
				MARKETING_VERSION = 1.0;
				PRODUCT_BUNDLE_IDENTIFIER = "Intership.Shopping-List";
				PRODUCT_NAME = "$(TARGET_NAME)";
				SWIFT_EMIT_LOC_STRINGS = YES;
				SWIFT_VERSION = 5.0;
				TARGETED_DEVICE_FAMILY = "1,2";
			};
			name = Debug;
		};
		FCB9916427E22C30004ACA9A /* Release */ = {
			isa = XCBuildConfiguration;
			buildSettings = {
				ASSETCATALOG_COMPILER_APPICON_NAME = AppIcon;
				ASSETCATALOG_COMPILER_GLOBAL_ACCENT_COLOR_NAME = AccentColor;
				CODE_SIGN_STYLE = Automatic;
				CURRENT_PROJECT_VERSION = 1;
				GENERATE_INFOPLIST_FILE = YES;
				INFOPLIST_FILE = "Shopping-List/Info.plist";
				INFOPLIST_KEY_UIApplicationSupportsIndirectInputEvents = YES;
				INFOPLIST_KEY_UILaunchStoryboardName = LaunchScreen;
				INFOPLIST_KEY_UISupportedInterfaceOrientations_iPad = "UIInterfaceOrientationPortrait UIInterfaceOrientationPortraitUpsideDown UIInterfaceOrientationLandscapeLeft UIInterfaceOrientationLandscapeRight";
				INFOPLIST_KEY_UISupportedInterfaceOrientations_iPhone = "UIInterfaceOrientationPortrait UIInterfaceOrientationLandscapeLeft UIInterfaceOrientationLandscapeRight";
				LD_RUNPATH_SEARCH_PATHS = (
					"$(inherited)",
					"@executable_path/Frameworks",
				);
				MARKETING_VERSION = 1.0;
				PRODUCT_BUNDLE_IDENTIFIER = "Intership.Shopping-List";
				PRODUCT_NAME = "$(TARGET_NAME)";
				SWIFT_EMIT_LOC_STRINGS = YES;
				SWIFT_VERSION = 5.0;
				TARGETED_DEVICE_FAMILY = "1,2";
			};
			name = Release;
		};
/* End XCBuildConfiguration section */

/* Begin XCConfigurationList section */
		FCB9914927E22C29004ACA9A /* Build configuration list for PBXProject "Shopping-List" */ = {
			isa = XCConfigurationList;
			buildConfigurations = (
				FCB9916027E22C30004ACA9A /* Debug */,
				FCB9916127E22C30004ACA9A /* Release */,
			);
			defaultConfigurationIsVisible = 0;
			defaultConfigurationName = Release;
		};
		FCB9916227E22C30004ACA9A /* Build configuration list for PBXNativeTarget "Shopping-List" */ = {
			isa = XCConfigurationList;
			buildConfigurations = (
				FCB9916327E22C30004ACA9A /* Debug */,
				FCB9916427E22C30004ACA9A /* Release */,
			);
			defaultConfigurationIsVisible = 0;
			defaultConfigurationName = Release;
		};
/* End XCConfigurationList section */
	};
	rootObject = FCB9914627E22C29004ACA9A /* Project object */;
}
